
Microsoft Visual Studio Solution File, Format Version 12.00
# Visual Studio Version 17
VisualStudioVersion = 17.13.35828.75 d17.13
MinimumVisualStudioVersion = 10.0.40219.1
Project("{FAE04EC0-301F-11D3-BF4B-00C04F79EFBC}") = "D_WinFormsApp", "D_WinFormsApp\D_WinFormsApp.csproj", "{C58EE66F-C6FA-4E17-8ABA-52A236732597}"
EndProject
Project("{FAE04EC0-301F-11D3-BF4B-00C04F79EFBC}") = "A_DataAccess", "A_DataAccess\A_DataAccess.csproj", "{D87B24D9-079C-46C2-85BA-443E6372460D}"
EndProject
Project("{FAE04EC0-301F-11D3-BF4B-00C04F79EFBC}") = "B_Business", "B_Business\B_Business.csproj", "{FC9A2499-689F-4E3A-96EA-B3BE8ABB7482}"
EndProject
Project("{FAE04EC0-301F-11D3-BF4B-00C04F79EFBC}") = "C_API", "C_API\C_API.csproj", "{9A1C9B9F-D0B7-4598-A89E-D3A2247E4070}"
EndProject
Project("{FAE04EC0-301F-11D3-BF4B-00C04F79EFBC}") = "TestConsoleApp", "TestConsoleApp\TestConsoleApp.csproj", "{14CB97A1-52B9-400B-92C9-44C0F3C17117}"
EndProject
Global
	GlobalSection(SolutionConfigurationPlatforms) = preSolution
		Debug|Any CPU = Debug|Any CPU
		Release|Any CPU = Release|Any CPU
	EndGlobalSection
	GlobalSection(ProjectConfigurationPlatforms) = postSolution
		{C58EE66F-C6FA-4E17-8ABA-52A236732597}.Debug|Any CPU.ActiveCfg = Debug|Any CPU
		{C58EE66F-C6FA-4E17-8ABA-52A236732597}.Debug|Any CPU.Build.0 = Debug|Any CPU
		{C58EE66F-C6FA-4E17-8ABA-52A236732597}.Release|Any CPU.ActiveCfg = Release|Any CPU
		{C58EE66F-C6FA-4E17-8ABA-52A236732597}.Release|Any CPU.Build.0 = Release|Any CPU
		{D87B24D9-079C-46C2-85BA-443E6372460D}.Debug|Any CPU.ActiveCfg = Debug|Any CPU
		{D87B24D9-079C-46C2-85BA-443E6372460D}.Debug|Any CPU.Build.0 = Debug|Any CPU
		{D87B24D9-079C-46C2-85BA-443E6372460D}.Release|Any CPU.ActiveCfg = Release|Any CPU
		{D87B24D9-079C-46C2-85BA-443E6372460D}.Release|Any CPU.Build.0 = Release|Any CPU
		{FC9A2499-689F-4E3A-96EA-B3BE8ABB7482}.Debug|Any CPU.ActiveCfg = Debug|Any CPU
		{FC9A2499-689F-4E3A-96EA-B3BE8ABB7482}.Debug|Any CPU.Build.0 = Debug|Any CPU
		{FC9A2499-689F-4E3A-96EA-B3BE8ABB7482}.Release|Any CPU.ActiveCfg = Release|Any CPU
		{FC9A2499-689F-4E3A-96EA-B3BE8ABB7482}.Release|Any CPU.Build.0 = Release|Any CPU
		{9A1C9B9F-D0B7-4598-A89E-D3A2247E4070}.Debug|Any CPU.ActiveCfg = Debug|Any CPU
		{9A1C9B9F-D0B7-4598-A89E-D3A2247E4070}.Debug|Any CPU.Build.0 = Debug|Any CPU
		{9A1C9B9F-D0B7-4598-A89E-D3A2247E4070}.Release|Any CPU.ActiveCfg = Release|Any CPU
		{9A1C9B9F-D0B7-4598-A89E-D3A2247E4070}.Release|Any CPU.Build.0 = Release|Any CPU
		{14CB97A1-52B9-400B-92C9-44C0F3C17117}.Debug|Any CPU.ActiveCfg = Debug|Any CPU
		{14CB97A1-52B9-400B-92C9-44C0F3C17117}.Debug|Any CPU.Build.0 = Debug|Any CPU
		{14CB97A1-52B9-400B-92C9-44C0F3C17117}.Release|Any CPU.ActiveCfg = Release|Any CPU
		{14CB97A1-52B9-400B-92C9-44C0F3C17117}.Release|Any CPU.Build.0 = Release|Any CPU
	EndGlobalSection
	GlobalSection(SolutionProperties) = preSolution
		HideSolutionNode = FALSE
	EndGlobalSection
	GlobalSection(ExtensibilityGlobals) = postSolution
		SolutionGuid = {F4D9A41A-7529-4CD2-A615-D4498E02B3B3}
	EndGlobalSection
EndGlobal
